
Microsoft Visual Studio Solution File, Format Version 12.00
# Visual Studio Version 17
VisualStudioVersion = 17.9.34728.123
MinimumVisualStudioVersion = 10.0.40219.1
Project("{FAE04EC0-301F-11D3-BF4B-00C04F79EFBC}") = "DesignPattern", "DesignPattern.csproj", "{59F76599-94EB-41F1-ACC4-6FD0F9ABB98D}"
EndProject
Global
	GlobalSection(SolutionConfigurationPlatforms) = preSolution
		Debug|Any CPU = Debug|Any CPU
		Release|Any CPU = Release|Any CPU
	EndGlobalSection
	GlobalSection(ProjectConfigurationPlatforms) = postSolution
		{59F76599-94EB-41F1-ACC4-6FD0F9ABB98D}.Debug|Any CPU.ActiveCfg = Debug|Any CPU
		{59F76599-94EB-41F1-ACC4-6FD0F9ABB98D}.Debug|Any CPU.Build.0 = Debug|Any CPU
		{59F76599-94EB-41F1-ACC4-6FD0F9ABB98D}.Release|Any CPU.ActiveCfg = Release|Any CPU
		{59F76599-94EB-41F1-ACC4-6FD0F9ABB98D}.Release|Any CPU.Build.0 = Release|Any CPU
	EndGlobalSection
	GlobalSection(SolutionProperties) = preSolution
		HideSolutionNode = FALSE
	EndGlobalSection
	GlobalSection(ExtensibilityGlobals) = postSolution
		SolutionGuid = {513C4285-4FC0-4896-8F0B-0CEB4EDFFCA2}
	EndGlobalSection
EndGlobal
